github.com/redis/rueidis v1.0.69 h1:WlUefRhuDekji5LsD387ys3UCJtSFeBVf0e5yI0B8b4=
github.com/redis/rueidis v1.0.69/go.mod h1:Lkhr2QTgcoYBhxARU7kJRO8SyVlgUuEkcJO1Y8MCluA=
golang.org/x/sys v0.31.0 h1:ioabZlmFYtWhL+TRYpcnNlLwhyxaM9kWTDEmfnprqik=
golang.org/x/sys v0.31.0/go.mod h1:BJP2sWEmIv4KK5OTEluFJCKSidICx8ciO85XgH3Ak8k=
